
Microsoft Visual Studio Solution File, Format Version 12.00
# Visual Studio Version 17
VisualStudioVersion = 17.7.34221.43
MinimumVisualStudioVersion = 10.0.40219.1
Project("{FAE04EC0-301F-11D3-BF4B-00C04F79EFBC}") = "ProductService", "ProductService\ProductService.csproj", "{6AACB048-33DB-4BC5-B4E9-D26248B4EF9C}"
EndProject
Project("{FAE04EC0-301F-11D3-BF4B-00C04F79EFBC}") = "APIGateway", "APIGateway\APIGateway.csproj", "{1663A4BB-BEE0-4B7D-84D6-52988DC67B1D}"
EndProject
Global
	GlobalSection(SolutionConfigurationPlatforms) = preSolution
		Debug|Any CPU = Debug|Any CPU
		Release|Any CPU = Release|Any CPU
	EndGlobalSection
	GlobalSection(ProjectConfigurationPlatforms) = postSolution
		{6AACB048-33DB-4BC5-B4E9-D26248B4EF9C}.Debug|Any CPU.ActiveCfg = Debug|Any CPU
		{6AACB048-33DB-4BC5-B4E9-D26248B4EF9C}.Debug|Any CPU.Build.0 = Debug|Any CPU
		{6AACB048-33DB-4BC5-B4E9-D26248B4EF9C}.Release|Any CPU.ActiveCfg = Release|Any CPU
		{6AACB048-33DB-4BC5-B4E9-D26248B4EF9C}.Release|Any CPU.Build.0 = Release|Any CPU
		{1663A4BB-BEE0-4B7D-84D6-52988DC67B1D}.Debug|Any CPU.ActiveCfg = Debug|Any CPU
		{1663A4BB-BEE0-4B7D-84D6-52988DC67B1D}.Debug|Any CPU.Build.0 = Debug|Any CPU
		{1663A4BB-BEE0-4B7D-84D6-52988DC67B1D}.Release|Any CPU.ActiveCfg = Release|Any CPU
		{1663A4BB-BEE0-4B7D-84D6-52988DC67B1D}.Release|Any CPU.Build.0 = Release|Any CPU
	EndGlobalSection
	GlobalSection(SolutionProperties) = preSolution
		HideSolutionNode = FALSE
	EndGlobalSection
	GlobalSection(ExtensibilityGlobals) = postSolution
		SolutionGuid = {7A002B0B-D41B-41AA-A6FE-DB9BA1F9C5A8}
	EndGlobalSection
EndGlobal
